{
  "version": 4,
  "terraform_version": "1.1.0",
  "serial": 21,
  "lineage": "12c9a4af-17f6-1144-cb3a-fb3f61ad6ef7",
  "outputs": {},
  "resources": [
    {
      "mode": "managed",
      "type": "aws_vpc",
      "name": "primary_vpc",
      "provider": "provider[\"registry.terraform.io/hashicorp/aws\"]",
      "instances": [
        {
          "schema_version": 1,
          "attributes": {
            "arn": "arn:aws:ec2:us-east-2:615365643867:vpc/vpc-0de656b0aa596d55a",
            "assign_generated_ipv6_cidr_block": false,
            "cidr_block": "192.168.0.0/16",
            "default_network_acl_id": "acl-0284b827d5041bf24",
            "default_route_table_id": "rtb-0ba4db54c950b34ca",
            "default_security_group_id": "sg-07df8624b3b179d9a",
            "dhcp_options_id": "dopt-094010142f6c0147b",
            "enable_classiclink": null,
            "enable_classiclink_dns_support": null,
            "enable_dns_hostnames": false,
            "enable_dns_support": true,
            "id": "vpc-0de656b0aa596d55a",
            "instance_tenancy": "default",
            "ipv4_ipam_pool_id": null,
            "ipv4_netmask_length": null,
            "ipv6_association_id": "",
            "ipv6_cidr_block": "",
            "ipv6_ipam_pool_id": null,
            "ipv6_netmask_length": null,
            "main_route_table_id": "rtb-0ba4db54c950b34ca",
            "owner_id": "615365643867",
            "tags": {
              "Name": "primary"
            },
            "tags_all": {
              "Name": "primary"
            }
          },
          "sensitive_attributes": [],
          "private": "eyJzY2hlbWFfdmVyc2lvbiI6IjEifQ=="
        }
      ]
    }
  ]
}
